
Microsoft Visual Studio Solution File, Format Version 12.00
# Visual Studio 15
VisualStudioVersion = 15.0.28307.645
MinimumVisualStudioVersion = 10.0.40219.1
Project("{2150E333-8FDC-42A3-9474-1A3956D46DE8}") = "Tests", "Tests", "{C7E979BA-151C-4870-8584-AFCEC8644AF8}"
EndProject
Project("{FAE04EC0-301F-11D3-BF4B-00C04F79EFBC}") = "CarRentalApplication.UnitTests", "CarRentalApplication.UnitTests\CarRentalApplication.UnitTests.csproj", "{40AC8D1D-578E-4E19-A9DF-FE3FB84E85AC}"
EndProject
Project("{FAE04EC0-301F-11D3-BF4B-00C04F79EFBC}") = "CarRentalApplication", "CarRentalApplication\CarRentalApplication.csproj", "{8502F59C-2469-4CAC-8A19-D578CBB2A533}"
EndProject
Project("{FAE04EC0-301F-11D3-BF4B-00C04F79EFBC}") = "CarRentalApplication.Logging", "CarRentalApplication.Logging\CarRentalApplication.Logging.csproj", "{87DBDC9D-563C-4505-AAA9-F195E6C387A1}"
EndProject
Project("{FAE04EC0-301F-11D3-BF4B-00C04F79EFBC}") = "CarRentalApplication.Logging.UnitTests", "CarRentalApplication.Logging.UnitTests\CarRentalApplication.Logging.UnitTests.csproj", "{B3C9E23B-2486-404A-B815-BF83388B6937}"
EndProject
Project("{FAE04EC0-301F-11D3-BF4B-00C04F79EFBC}") = "CarRentalApplication.Translating", "CarRentalApplication.Translating\CarRentalApplication.Translating.csproj", "{A1C81FF3-4640-4015-AF7D-C91649249B4B}"
EndProject
Project("{FAE04EC0-301F-11D3-BF4B-00C04F79EFBC}") = "CarRentalApplication.Translating.UnitTests", "CarRentalApplication.Translating.UnitTests\CarRentalApplication.Translating.UnitTests.csproj", "{7F9C8D5E-7890-461F-9C93-FEA3C6CB1F74}"
EndProject
Project("{FAE04EC0-301F-11D3-BF4B-00C04F79EFBC}") = "CarRentalApplication.Domain", "CarRentalApplication.Domain\CarRentalApplication.Domain.csproj", "{05FD1730-F7C8-4E77-AD7B-3B0672ADB7F3}"
EndProject
Project("{FAE04EC0-301F-11D3-BF4B-00C04F79EFBC}") = "CarRentalApplication.UnitTests.Common", "CarRentalApplication.UnitTests.Common\CarRentalApplication.UnitTests.Common.csproj", "{197451DB-E9F6-4435-BCA9-45559EB89E3A}"
EndProject
Project("{FAE04EC0-301F-11D3-BF4B-00C04F79EFBC}") = "CarRentalApplication.FileSaving", "CarRentalApplication.FileSaving\CarRentalApplication.FileSaving.csproj", "{200EE4BE-D104-4A33-AE30-68B35EED0D0C}"
EndProject
Project("{FAE04EC0-301F-11D3-BF4B-00C04F79EFBC}") = "CarRentalApplication.Database", "CarRentalApplication.Database\CarRentalApplication.Database.csproj", "{1A944713-E72E-4091-8867-1F9E53C0F4E7}"
EndProject
Project("{FAE04EC0-301F-11D3-BF4B-00C04F79EFBC}") = "CarRentalApplication.FileSaving.UnitTests", "CarRentalApplication.FileSaving.UnitTests\CarRentalApplication.FileSaving.UnitTests.csproj", "{F5065E09-7F2B-4AAF-8364-C99356D93EC8}"
EndProject
Global
	GlobalSection(SolutionConfigurationPlatforms) = preSolution
		Debug|Any CPU = Debug|Any CPU
		Debug|ARM = Debug|ARM
		Debug|x64 = Debug|x64
		Debug|x86 = Debug|x86
		Release|Any CPU = Release|Any CPU
		Release|ARM = Release|ARM
		Release|x64 = Release|x64
		Release|x86 = Release|x86
	EndGlobalSection
	GlobalSection(ProjectConfigurationPlatforms) = postSolution
		{40AC8D1D-578E-4E19-A9DF-FE3FB84E85AC}.Debug|Any CPU.ActiveCfg = Debug|Any CPU
		{40AC8D1D-578E-4E19-A9DF-FE3FB84E85AC}.Debug|Any CPU.Build.0 = Debug|Any CPU
		{40AC8D1D-578E-4E19-A9DF-FE3FB84E85AC}.Debug|ARM.ActiveCfg = Debug|Any CPU
		{40AC8D1D-578E-4E19-A9DF-FE3FB84E85AC}.Debug|ARM.Build.0 = Debug|Any CPU
		{40AC8D1D-578E-4E19-A9DF-FE3FB84E85AC}.Debug|x64.ActiveCfg = Debug|Any CPU
		{40AC8D1D-578E-4E19-A9DF-FE3FB84E85AC}.Debug|x64.Build.0 = Debug|Any CPU
		{40AC8D1D-578E-4E19-A9DF-FE3FB84E85AC}.Debug|x86.ActiveCfg = Debug|Any CPU
		{40AC8D1D-578E-4E19-A9DF-FE3FB84E85AC}.Debug|x86.Build.0 = Debug|Any CPU
		{40AC8D1D-578E-4E19-A9DF-FE3FB84E85AC}.Release|Any CPU.ActiveCfg = Release|Any CPU
		{40AC8D1D-578E-4E19-A9DF-FE3FB84E85AC}.Release|Any CPU.Build.0 = Release|Any CPU
		{40AC8D1D-578E-4E19-A9DF-FE3FB84E85AC}.Release|ARM.ActiveCfg = Release|Any CPU
		{40AC8D1D-578E-4E19-A9DF-FE3FB84E85AC}.Release|ARM.Build.0 = Release|Any CPU
		{40AC8D1D-578E-4E19-A9DF-FE3FB84E85AC}.Release|x64.ActiveCfg = Release|Any CPU
		{40AC8D1D-578E-4E19-A9DF-FE3FB84E85AC}.Release|x64.Build.0 = Release|Any CPU
		{40AC8D1D-578E-4E19-A9DF-FE3FB84E85AC}.Release|x86.ActiveCfg = Release|Any CPU
		{40AC8D1D-578E-4E19-A9DF-FE3FB84E85AC}.Release|x86.Build.0 = Release|Any CPU
		{8502F59C-2469-4CAC-8A19-D578CBB2A533}.Debug|Any CPU.ActiveCfg = Debug|Any CPU
		{8502F59C-2469-4CAC-8A19-D578CBB2A533}.Debug|Any CPU.Build.0 = Debug|Any CPU
		{8502F59C-2469-4CAC-8A19-D578CBB2A533}.Debug|ARM.ActiveCfg = Debug|Any CPU
		{8502F59C-2469-4CAC-8A19-D578CBB2A533}.Debug|ARM.Build.0 = Debug|Any CPU
		{8502F59C-2469-4CAC-8A19-D578CBB2A533}.Debug|x64.ActiveCfg = Debug|Any CPU
		{8502F59C-2469-4CAC-8A19-D578CBB2A533}.Debug|x64.Build.0 = Debug|Any CPU
		{8502F59C-2469-4CAC-8A19-D578CBB2A533}.Debug|x86.ActiveCfg = Debug|Any CPU
		{8502F59C-2469-4CAC-8A19-D578CBB2A533}.Debug|x86.Build.0 = Debug|Any CPU
		{8502F59C-2469-4CAC-8A19-D578CBB2A533}.Release|Any CPU.ActiveCfg = Release|Any CPU
		{8502F59C-2469-4CAC-8A19-D578CBB2A533}.Release|Any CPU.Build.0 = Release|Any CPU
		{8502F59C-2469-4CAC-8A19-D578CBB2A533}.Release|ARM.ActiveCfg = Release|Any CPU
		{8502F59C-2469-4CAC-8A19-D578CBB2A533}.Release|ARM.Build.0 = Release|Any CPU
		{8502F59C-2469-4CAC-8A19-D578CBB2A533}.Release|x64.ActiveCfg = Release|Any CPU
		{8502F59C-2469-4CAC-8A19-D578CBB2A533}.Release|x64.Build.0 = Release|Any CPU
		{8502F59C-2469-4CAC-8A19-D578CBB2A533}.Release|x86.ActiveCfg = Release|Any CPU
		{8502F59C-2469-4CAC-8A19-D578CBB2A533}.Release|x86.Build.0 = Release|Any CPU
		{87DBDC9D-563C-4505-AAA9-F195E6C387A1}.Debug|Any CPU.ActiveCfg = Debug|Any CPU
		{87DBDC9D-563C-4505-AAA9-F195E6C387A1}.Debug|Any CPU.Build.0 = Debug|Any CPU
		{87DBDC9D-563C-4505-AAA9-F195E6C387A1}.Debug|ARM.ActiveCfg = Debug|Any CPU
		{87DBDC9D-563C-4505-AAA9-F195E6C387A1}.Debug|ARM.Build.0 = Debug|Any CPU
		{87DBDC9D-563C-4505-AAA9-F195E6C387A1}.Debug|x64.ActiveCfg = Debug|Any CPU
		{87DBDC9D-563C-4505-AAA9-F195E6C387A1}.Debug|x64.Build.0 = Debug|Any CPU
		{87DBDC9D-563C-4505-AAA9-F195E6C387A1}.Debug|x86.ActiveCfg = Debug|Any CPU
		{87DBDC9D-563C-4505-AAA9-F195E6C387A1}.Debug|x86.Build.0 = Debug|Any CPU
		{87DBDC9D-563C-4505-AAA9-F195E6C387A1}.Release|Any CPU.ActiveCfg = Release|Any CPU
		{87DBDC9D-563C-4505-AAA9-F195E6C387A1}.Release|Any CPU.Build.0 = Release|Any CPU
		{87DBDC9D-563C-4505-AAA9-F195E6C387A1}.Release|ARM.ActiveCfg = Release|Any CPU
		{87DBDC9D-563C-4505-AAA9-F195E6C387A1}.Release|ARM.Build.0 = Release|Any CPU
		{87DBDC9D-563C-4505-AAA9-F195E6C387A1}.Release|x64.ActiveCfg = Release|Any CPU
		{87DBDC9D-563C-4505-AAA9-F195E6C387A1}.Release|x64.Build.0 = Release|Any CPU
		{87DBDC9D-563C-4505-AAA9-F195E6C387A1}.Release|x86.ActiveCfg = Release|Any CPU
		{87DBDC9D-563C-4505-AAA9-F195E6C387A1}.Release|x86.Build.0 = Release|Any CPU
		{B3C9E23B-2486-404A-B815-BF83388B6937}.Debug|Any CPU.ActiveCfg = Debug|Any CPU
		{B3C9E23B-2486-404A-B815-BF83388B6937}.Debug|Any CPU.Build.0 = Debug|Any CPU
		{B3C9E23B-2486-404A-B815-BF83388B6937}.Debug|ARM.ActiveCfg = Debug|Any CPU
		{B3C9E23B-2486-404A-B815-BF83388B6937}.Debug|ARM.Build.0 = Debug|Any CPU
		{B3C9E23B-2486-404A-B815-BF83388B6937}.Debug|x64.ActiveCfg = Debug|Any CPU
		{B3C9E23B-2486-404A-B815-BF83388B6937}.Debug|x64.Build.0 = Debug|Any CPU
		{B3C9E23B-2486-404A-B815-BF83388B6937}.Debug|x86.ActiveCfg = Debug|Any CPU
		{B3C9E23B-2486-404A-B815-BF83388B6937}.Debug|x86.Build.0 = Debug|Any CPU
		{B3C9E23B-2486-404A-B815-BF83388B6937}.Release|Any CPU.ActiveCfg = Release|Any CPU
		{B3C9E23B-2486-404A-B815-BF83388B6937}.Release|Any CPU.Build.0 = Release|Any CPU
		{B3C9E23B-2486-404A-B815-BF83388B6937}.Release|ARM.ActiveCfg = Release|Any CPU
		{B3C9E23B-2486-404A-B815-BF83388B6937}.Release|ARM.Build.0 = Release|Any CPU
		{B3C9E23B-2486-404A-B815-BF83388B6937}.Release|x64.ActiveCfg = Release|Any CPU
		{B3C9E23B-2486-404A-B815-BF83388B6937}.Release|x64.Build.0 = Release|Any CPU
		{B3C9E23B-2486-404A-B815-BF83388B6937}.Release|x86.ActiveCfg = Release|Any CPU
		{B3C9E23B-2486-404A-B815-BF83388B6937}.Release|x86.Build.0 = Release|Any CPU
		{A1C81FF3-4640-4015-AF7D-C91649249B4B}.Debug|Any CPU.ActiveCfg = Debug|Any CPU
		{A1C81FF3-4640-4015-AF7D-C91649249B4B}.Debug|Any CPU.Build.0 = Debug|Any CPU
		{A1C81FF3-4640-4015-AF7D-C91649249B4B}.Debug|ARM.ActiveCfg = Debug|Any CPU
		{A1C81FF3-4640-4015-AF7D-C91649249B4B}.Debug|ARM.Build.0 = Debug|Any CPU
		{A1C81FF3-4640-4015-AF7D-C91649249B4B}.Debug|x64.ActiveCfg = Debug|Any CPU
		{A1C81FF3-4640-4015-AF7D-C91649249B4B}.Debug|x64.Build.0 = Debug|Any CPU
		{A1C81FF3-4640-4015-AF7D-C91649249B4B}.Debug|x86.ActiveCfg = Debug|Any CPU
		{A1C81FF3-4640-4015-AF7D-C91649249B4B}.Debug|x86.Build.0 = Debug|Any CPU
		{A1C81FF3-4640-4015-AF7D-C91649249B4B}.Release|Any CPU.ActiveCfg = Release|Any CPU
		{A1C81FF3-4640-4015-AF7D-C91649249B4B}.Release|Any CPU.Build.0 = Release|Any CPU
		{A1C81FF3-4640-4015-AF7D-C91649249B4B}.Release|ARM.ActiveCfg = Release|Any CPU
		{A1C81FF3-4640-4015-AF7D-C91649249B4B}.Release|ARM.Build.0 = Release|Any CPU
		{A1C81FF3-4640-4015-AF7D-C91649249B4B}.Release|x64.ActiveCfg = Release|Any CPU
		{A1C81FF3-4640-4015-AF7D-C91649249B4B}.Release|x64.Build.0 = Release|Any CPU
		{A1C81FF3-4640-4015-AF7D-C91649249B4B}.Release|x86.ActiveCfg = Release|Any CPU
		{A1C81FF3-4640-4015-AF7D-C91649249B4B}.Release|x86.Build.0 = Release|Any CPU
		{7F9C8D5E-7890-461F-9C93-FEA3C6CB1F74}.Debug|Any CPU.ActiveCfg = Debug|Any CPU
		{7F9C8D5E-7890-461F-9C93-FEA3C6CB1F74}.Debug|Any CPU.Build.0 = Debug|Any CPU
		{7F9C8D5E-7890-461F-9C93-FEA3C6CB1F74}.Debug|ARM.ActiveCfg = Debug|Any CPU
		{7F9C8D5E-7890-461F-9C93-FEA3C6CB1F74}.Debug|ARM.Build.0 = Debug|Any CPU
		{7F9C8D5E-7890-461F-9C93-FEA3C6CB1F74}.Debug|x64.ActiveCfg = Debug|Any CPU
		{7F9C8D5E-7890-461F-9C93-FEA3C6CB1F74}.Debug|x64.Build.0 = Debug|Any CPU
		{7F9C8D5E-7890-461F-9C93-FEA3C6CB1F74}.Debug|x86.ActiveCfg = Debug|Any CPU
		{7F9C8D5E-7890-461F-9C93-FEA3C6CB1F74}.Debug|x86.Build.0 = Debug|Any CPU
		{7F9C8D5E-7890-461F-9C93-FEA3C6CB1F74}.Release|Any CPU.ActiveCfg = Release|Any CPU
		{7F9C8D5E-7890-461F-9C93-FEA3C6CB1F74}.Release|Any CPU.Build.0 = Release|Any CPU
		{7F9C8D5E-7890-461F-9C93-FEA3C6CB1F74}.Release|ARM.ActiveCfg = Release|Any CPU
		{7F9C8D5E-7890-461F-9C93-FEA3C6CB1F74}.Release|ARM.Build.0 = Release|Any CPU
		{7F9C8D5E-7890-461F-9C93-FEA3C6CB1F74}.Release|x64.ActiveCfg = Release|Any CPU
		{7F9C8D5E-7890-461F-9C93-FEA3C6CB1F74}.Release|x64.Build.0 = Release|Any CPU
		{7F9C8D5E-7890-461F-9C93-FEA3C6CB1F74}.Release|x86.ActiveCfg = Release|Any CPU
		{7F9C8D5E-7890-461F-9C93-FEA3C6CB1F74}.Release|x86.Build.0 = Release|Any CPU
		{05FD1730-F7C8-4E77-AD7B-3B0672ADB7F3}.Debug|Any CPU.ActiveCfg = Debug|Any CPU
		{05FD1730-F7C8-4E77-AD7B-3B0672ADB7F3}.Debug|Any CPU.Build.0 = Debug|Any CPU
		{05FD1730-F7C8-4E77-AD7B-3B0672ADB7F3}.Debug|ARM.ActiveCfg = Debug|Any CPU
		{05FD1730-F7C8-4E77-AD7B-3B0672ADB7F3}.Debug|ARM.Build.0 = Debug|Any CPU
		{05FD1730-F7C8-4E77-AD7B-3B0672ADB7F3}.Debug|x64.ActiveCfg = Debug|Any CPU
		{05FD1730-F7C8-4E77-AD7B-3B0672ADB7F3}.Debug|x64.Build.0 = Debug|Any CPU
		{05FD1730-F7C8-4E77-AD7B-3B0672ADB7F3}.Debug|x86.ActiveCfg = Debug|Any CPU
		{05FD1730-F7C8-4E77-AD7B-3B0672ADB7F3}.Debug|x86.Build.0 = Debug|Any CPU
		{05FD1730-F7C8-4E77-AD7B-3B0672ADB7F3}.Release|Any CPU.ActiveCfg = Release|Any CPU
		{05FD1730-F7C8-4E77-AD7B-3B0672ADB7F3}.Release|Any CPU.Build.0 = Release|Any CPU
		{05FD1730-F7C8-4E77-AD7B-3B0672ADB7F3}.Release|ARM.ActiveCfg = Release|Any CPU
		{05FD1730-F7C8-4E77-AD7B-3B0672ADB7F3}.Release|ARM.Build.0 = Release|Any CPU
		{05FD1730-F7C8-4E77-AD7B-3B0672ADB7F3}.Release|x64.ActiveCfg = Release|Any CPU
		{05FD1730-F7C8-4E77-AD7B-3B0672ADB7F3}.Release|x64.Build.0 = Release|Any CPU
		{05FD1730-F7C8-4E77-AD7B-3B0672ADB7F3}.Release|x86.ActiveCfg = Release|Any CPU
		{05FD1730-F7C8-4E77-AD7B-3B0672ADB7F3}.Release|x86.Build.0 = Release|Any CPU
		{197451DB-E9F6-4435-BCA9-45559EB89E3A}.Debug|Any CPU.ActiveCfg = Debug|Any CPU
		{197451DB-E9F6-4435-BCA9-45559EB89E3A}.Debug|Any CPU.Build.0 = Debug|Any CPU
		{197451DB-E9F6-4435-BCA9-45559EB89E3A}.Debug|ARM.ActiveCfg = Debug|Any CPU
		{197451DB-E9F6-4435-BCA9-45559EB89E3A}.Debug|ARM.Build.0 = Debug|Any CPU
		{197451DB-E9F6-4435-BCA9-45559EB89E3A}.Debug|x64.ActiveCfg = Debug|Any CPU
		{197451DB-E9F6-4435-BCA9-45559EB89E3A}.Debug|x64.Build.0 = Debug|Any CPU
		{197451DB-E9F6-4435-BCA9-45559EB89E3A}.Debug|x86.ActiveCfg = Debug|Any CPU
		{197451DB-E9F6-4435-BCA9-45559EB89E3A}.Debug|x86.Build.0 = Debug|Any CPU
		{197451DB-E9F6-4435-BCA9-45559EB89E3A}.Release|Any CPU.ActiveCfg = Release|Any CPU
		{197451DB-E9F6-4435-BCA9-45559EB89E3A}.Release|Any CPU.Build.0 = Release|Any CPU
		{197451DB-E9F6-4435-BCA9-45559EB89E3A}.Release|ARM.ActiveCfg = Release|Any CPU
		{197451DB-E9F6-4435-BCA9-45559EB89E3A}.Release|ARM.Build.0 = Release|Any CPU
		{197451DB-E9F6-4435-BCA9-45559EB89E3A}.Release|x64.ActiveCfg = Release|Any CPU
		{197451DB-E9F6-4435-BCA9-45559EB89E3A}.Release|x64.Build.0 = Release|Any CPU
		{197451DB-E9F6-4435-BCA9-45559EB89E3A}.Release|x86.ActiveCfg = Release|Any CPU
		{197451DB-E9F6-4435-BCA9-45559EB89E3A}.Release|x86.Build.0 = Release|Any CPU
		{200EE4BE-D104-4A33-AE30-68B35EED0D0C}.Debug|Any CPU.ActiveCfg = Debug|Any CPU
		{200EE4BE-D104-4A33-AE30-68B35EED0D0C}.Debug|Any CPU.Build.0 = Debug|Any CPU
		{200EE4BE-D104-4A33-AE30-68B35EED0D0C}.Debug|ARM.ActiveCfg = Debug|Any CPU
		{200EE4BE-D104-4A33-AE30-68B35EED0D0C}.Debug|ARM.Build.0 = Debug|Any CPU
		{200EE4BE-D104-4A33-AE30-68B35EED0D0C}.Debug|x64.ActiveCfg = Debug|Any CPU
		{200EE4BE-D104-4A33-AE30-68B35EED0D0C}.Debug|x64.Build.0 = Debug|Any CPU
		{200EE4BE-D104-4A33-AE30-68B35EED0D0C}.Debug|x86.ActiveCfg = Debug|Any CPU
		{200EE4BE-D104-4A33-AE30-68B35EED0D0C}.Debug|x86.Build.0 = Debug|Any CPU
		{200EE4BE-D104-4A33-AE30-68B35EED0D0C}.Release|Any CPU.ActiveCfg = Release|Any CPU
		{200EE4BE-D104-4A33-AE30-68B35EED0D0C}.Release|Any CPU.Build.0 = Release|Any CPU
		{200EE4BE-D104-4A33-AE30-68B35EED0D0C}.Release|ARM.ActiveCfg = Release|Any CPU
		{200EE4BE-D104-4A33-AE30-68B35EED0D0C}.Release|ARM.Build.0 = Release|Any CPU
		{200EE4BE-D104-4A33-AE30-68B35EED0D0C}.Release|x64.ActiveCfg = Release|Any CPU
		{200EE4BE-D104-4A33-AE30-68B35EED0D0C}.Release|x64.Build.0 = Release|Any CPU
		{200EE4BE-D104-4A33-AE30-68B35EED0D0C}.Release|x86.ActiveCfg = Release|Any CPU
		{200EE4BE-D104-4A33-AE30-68B35EED0D0C}.Release|x86.Build.0 = Release|Any CPU
		{1A944713-E72E-4091-8867-1F9E53C0F4E7}.Debug|Any CPU.ActiveCfg = Debug|Any CPU
		{1A944713-E72E-4091-8867-1F9E53C0F4E7}.Debug|Any CPU.Build.0 = Debug|Any CPU
		{1A944713-E72E-4091-8867-1F9E53C0F4E7}.Debug|ARM.ActiveCfg = Debug|Any CPU
		{1A944713-E72E-4091-8867-1F9E53C0F4E7}.Debug|ARM.Build.0 = Debug|Any CPU
		{1A944713-E72E-4091-8867-1F9E53C0F4E7}.Debug|x64.ActiveCfg = Debug|Any CPU
		{1A944713-E72E-4091-8867-1F9E53C0F4E7}.Debug|x64.Build.0 = Debug|Any CPU
		{1A944713-E72E-4091-8867-1F9E53C0F4E7}.Debug|x86.ActiveCfg = Debug|Any CPU
		{1A944713-E72E-4091-8867-1F9E53C0F4E7}.Debug|x86.Build.0 = Debug|Any CPU
		{1A944713-E72E-4091-8867-1F9E53C0F4E7}.Release|Any CPU.ActiveCfg = Release|Any CPU
		{1A944713-E72E-4091-8867-1F9E53C0F4E7}.Release|Any CPU.Build.0 = Release|Any CPU
		{1A944713-E72E-4091-8867-1F9E53C0F4E7}.Release|ARM.ActiveCfg = Release|Any CPU
		{1A944713-E72E-4091-8867-1F9E53C0F4E7}.Release|ARM.Build.0 = Release|Any CPU
		{1A944713-E72E-4091-8867-1F9E53C0F4E7}.Release|x64.ActiveCfg = Release|Any CPU
		{1A944713-E72E-4091-8867-1F9E53C0F4E7}.Release|x64.Build.0 = Release|Any CPU
		{1A944713-E72E-4091-8867-1F9E53C0F4E7}.Release|x86.ActiveCfg = Release|Any CPU
		{1A944713-E72E-4091-8867-1F9E53C0F4E7}.Release|x86.Build.0 = Release|Any CPU
		{F5065E09-7F2B-4AAF-8364-C99356D93EC8}.Debug|Any CPU.ActiveCfg = Debug|Any CPU
		{F5065E09-7F2B-4AAF-8364-C99356D93EC8}.Debug|Any CPU.Build.0 = Debug|Any CPU
		{F5065E09-7F2B-4AAF-8364-C99356D93EC8}.Debug|ARM.ActiveCfg = Debug|Any CPU
		{F5065E09-7F2B-4AAF-8364-C99356D93EC8}.Debug|ARM.Build.0 = Debug|Any CPU
		{F5065E09-7F2B-4AAF-8364-C99356D93EC8}.Debug|x64.ActiveCfg = Debug|Any CPU
		{F5065E09-7F2B-4AAF-8364-C99356D93EC8}.Debug|x64.Build.0 = Debug|Any CPU
		{F5065E09-7F2B-4AAF-8364-C99356D93EC8}.Debug|x86.ActiveCfg = Debug|Any CPU
		{F5065E09-7F2B-4AAF-8364-C99356D93EC8}.Debug|x86.Build.0 = Debug|Any CPU
		{F5065E09-7F2B-4AAF-8364-C99356D93EC8}.Release|Any CPU.ActiveCfg = Release|Any CPU
		{F5065E09-7F2B-4AAF-8364-C99356D93EC8}.Release|Any CPU.Build.0 = Release|Any CPU
		{F5065E09-7F2B-4AAF-8364-C99356D93EC8}.Release|ARM.ActiveCfg = Release|Any CPU
		{F5065E09-7F2B-4AAF-8364-C99356D93EC8}.Release|ARM.Build.0 = Release|Any CPU
		{F5065E09-7F2B-4AAF-8364-C99356D93EC8}.Release|x64.ActiveCfg = Release|Any CPU
		{F5065E09-7F2B-4AAF-8364-C99356D93EC8}.Release|x64.Build.0 = Release|Any CPU
		{F5065E09-7F2B-4AAF-8364-C99356D93EC8}.Release|x86.ActiveCfg = Release|Any CPU
		{F5065E09-7F2B-4AAF-8364-C99356D93EC8}.Release|x86.Build.0 = Release|Any CPU
	EndGlobalSection
	GlobalSection(SolutionProperties) = preSolution
		HideSolutionNode = FALSE
	EndGlobalSection
	GlobalSection(NestedProjects) = preSolution
		{40AC8D1D-578E-4E19-A9DF-FE3FB84E85AC} = {C7E979BA-151C-4870-8584-AFCEC8644AF8}
		{B3C9E23B-2486-404A-B815-BF83388B6937} = {C7E979BA-151C-4870-8584-AFCEC8644AF8}
		{7F9C8D5E-7890-461F-9C93-FEA3C6CB1F74} = {C7E979BA-151C-4870-8584-AFCEC8644AF8}
		{197451DB-E9F6-4435-BCA9-45559EB89E3A} = {C7E979BA-151C-4870-8584-AFCEC8644AF8}
		{F5065E09-7F2B-4AAF-8364-C99356D93EC8} = {C7E979BA-151C-4870-8584-AFCEC8644AF8}
	EndGlobalSection
	GlobalSection(ExtensibilityGlobals) = postSolution
		SolutionGuid = {64C36589-0691-4E6E-807A-FC9DBD6FA2DD}
	EndGlobalSection
EndGlobal
