
Microsoft Visual Studio Solution File, Format Version 12.00
# Visual Studio 15
VisualStudioVersion = 15.0.27428.2027
MinimumVisualStudioVersion = 10.0.40219.1
Project("{FAE04EC0-301F-11D3-BF4B-00C04F79EFBC}") = "Car Rental Application", "Car Rental Application\Car Rental Application.csproj", "{1BC56F3D-9866-428E-8A64-3650A21D4002}"
EndProject
Project("{2150E333-8FDC-42A3-9474-1A3956D46DE8}") = "Tests", "Tests", "{1C73DB7E-880F-4F86-A8DC-9F814274D6A9}"
EndProject
Project("{FAE04EC0-301F-11D3-BF4B-00C04F79EFBC}") = "UnitTests", "UnitTestProject1\UnitTests.csproj", "{81028FB2-E126-4E36-9F75-90DDDE4F4BA6}"
EndProject
Global
	GlobalSection(SolutionConfigurationPlatforms) = preSolution
		Debug|Any CPU = Debug|Any CPU
		Debug|ARM = Debug|ARM
		Debug|x64 = Debug|x64
		Debug|x86 = Debug|x86
		Release|Any CPU = Release|Any CPU
		Release|ARM = Release|ARM
		Release|x64 = Release|x64
		Release|x86 = Release|x86
	EndGlobalSection
	GlobalSection(ProjectConfigurationPlatforms) = postSolution
		{1BC56F3D-9866-428E-8A64-3650A21D4002}.Debug|Any CPU.ActiveCfg = Debug|Any CPU
		{1BC56F3D-9866-428E-8A64-3650A21D4002}.Debug|Any CPU.Build.0 = Debug|Any CPU
		{1BC56F3D-9866-428E-8A64-3650A21D4002}.Debug|ARM.ActiveCfg = Debug|Any CPU
		{1BC56F3D-9866-428E-8A64-3650A21D4002}.Debug|ARM.Build.0 = Debug|Any CPU
		{1BC56F3D-9866-428E-8A64-3650A21D4002}.Debug|x64.ActiveCfg = Debug|Any CPU
		{1BC56F3D-9866-428E-8A64-3650A21D4002}.Debug|x64.Build.0 = Debug|Any CPU
		{1BC56F3D-9866-428E-8A64-3650A21D4002}.Debug|x86.ActiveCfg = Debug|Any CPU
		{1BC56F3D-9866-428E-8A64-3650A21D4002}.Debug|x86.Build.0 = Debug|Any CPU
		{1BC56F3D-9866-428E-8A64-3650A21D4002}.Release|Any CPU.ActiveCfg = Release|Any CPU
		{1BC56F3D-9866-428E-8A64-3650A21D4002}.Release|Any CPU.Build.0 = Release|Any CPU
		{1BC56F3D-9866-428E-8A64-3650A21D4002}.Release|ARM.ActiveCfg = Release|Any CPU
		{1BC56F3D-9866-428E-8A64-3650A21D4002}.Release|ARM.Build.0 = Release|Any CPU
		{1BC56F3D-9866-428E-8A64-3650A21D4002}.Release|x64.ActiveCfg = Release|Any CPU
		{1BC56F3D-9866-428E-8A64-3650A21D4002}.Release|x64.Build.0 = Release|Any CPU
		{1BC56F3D-9866-428E-8A64-3650A21D4002}.Release|x86.ActiveCfg = Release|Any CPU
		{1BC56F3D-9866-428E-8A64-3650A21D4002}.Release|x86.Build.0 = Release|Any CPU
		{81028FB2-E126-4E36-9F75-90DDDE4F4BA6}.Debug|Any CPU.ActiveCfg = Debug|Any CPU
		{81028FB2-E126-4E36-9F75-90DDDE4F4BA6}.Debug|Any CPU.Build.0 = Debug|Any CPU
		{81028FB2-E126-4E36-9F75-90DDDE4F4BA6}.Debug|ARM.ActiveCfg = Debug|Any CPU
		{81028FB2-E126-4E36-9F75-90DDDE4F4BA6}.Debug|ARM.Build.0 = Debug|Any CPU
		{81028FB2-E126-4E36-9F75-90DDDE4F4BA6}.Debug|x64.ActiveCfg = Debug|Any CPU
		{81028FB2-E126-4E36-9F75-90DDDE4F4BA6}.Debug|x64.Build.0 = Debug|Any CPU
		{81028FB2-E126-4E36-9F75-90DDDE4F4BA6}.Debug|x86.ActiveCfg = Debug|Any CPU
		{81028FB2-E126-4E36-9F75-90DDDE4F4BA6}.Debug|x86.Build.0 = Debug|Any CPU
		{81028FB2-E126-4E36-9F75-90DDDE4F4BA6}.Release|Any CPU.ActiveCfg = Release|Any CPU
		{81028FB2-E126-4E36-9F75-90DDDE4F4BA6}.Release|Any CPU.Build.0 = Release|Any CPU
		{81028FB2-E126-4E36-9F75-90DDDE4F4BA6}.Release|ARM.ActiveCfg = Release|Any CPU
		{81028FB2-E126-4E36-9F75-90DDDE4F4BA6}.Release|ARM.Build.0 = Release|Any CPU
		{81028FB2-E126-4E36-9F75-90DDDE4F4BA6}.Release|x64.ActiveCfg = Release|Any CPU
		{81028FB2-E126-4E36-9F75-90DDDE4F4BA6}.Release|x64.Build.0 = Release|Any CPU
		{81028FB2-E126-4E36-9F75-90DDDE4F4BA6}.Release|x86.ActiveCfg = Release|Any CPU
		{81028FB2-E126-4E36-9F75-90DDDE4F4BA6}.Release|x86.Build.0 = Release|Any CPU
	EndGlobalSection
	GlobalSection(SolutionProperties) = preSolution
		HideSolutionNode = FALSE
	EndGlobalSection
	GlobalSection(NestedProjects) = preSolution
		{81028FB2-E126-4E36-9F75-90DDDE4F4BA6} = {1C73DB7E-880F-4F86-A8DC-9F814274D6A9}
	EndGlobalSection
	GlobalSection(ExtensibilityGlobals) = postSolution
		SolutionGuid = {64C36589-0691-4E6E-807A-FC9DBD6FA2DD}
	EndGlobalSection
EndGlobal
